
Microsoft Visual Studio Solution File, Format Version 11.00
# Visual Studio 2010
Project("{F184B08F-C81C-45F6-A57F-5ABD9991F28F}") = "Ftdi_cpt", "Ftdi_cpt.vbproj", "{4BCB5E88-7832-4443-B774-34552077C50E}"
EndProject
Project("{F184B08F-C81C-45F6-A57F-5ABD9991F28F}") = "Test_Teleinfo", "Test_Teleinfo\Test_Teleinfo.vbproj", "{90E54CFF-91EF-4EC7-AF6C-09C8985B4C20}"
EndProject
Global
	GlobalSection(SolutionConfigurationPlatforms) = preSolution
		Debug|Any CPU = Debug|Any CPU
		Debug|Mixed Platforms = Debug|Mixed Platforms
		Debug|x86 = Debug|x86
		Release|Any CPU = Release|Any CPU
		Release|Mixed Platforms = Release|Mixed Platforms
		Release|x86 = Release|x86
	EndGlobalSection
	GlobalSection(ProjectConfigurationPlatforms) = postSolution
		{4BCB5E88-7832-4443-B774-34552077C50E}.Debug|Any CPU.ActiveCfg = Debug|Any CPU
		{4BCB5E88-7832-4443-B774-34552077C50E}.Debug|Any CPU.Build.0 = Debug|Any CPU
		{4BCB5E88-7832-4443-B774-34552077C50E}.Debug|Mixed Platforms.ActiveCfg = Debug|Any CPU
		{4BCB5E88-7832-4443-B774-34552077C50E}.Debug|Mixed Platforms.Build.0 = Debug|Any CPU
		{4BCB5E88-7832-4443-B774-34552077C50E}.Debug|x86.ActiveCfg = Debug|Any CPU
		{4BCB5E88-7832-4443-B774-34552077C50E}.Release|Any CPU.ActiveCfg = Release|Any CPU
		{4BCB5E88-7832-4443-B774-34552077C50E}.Release|Any CPU.Build.0 = Release|Any CPU
		{4BCB5E88-7832-4443-B774-34552077C50E}.Release|Mixed Platforms.ActiveCfg = Release|Any CPU
		{4BCB5E88-7832-4443-B774-34552077C50E}.Release|Mixed Platforms.Build.0 = Release|Any CPU
		{4BCB5E88-7832-4443-B774-34552077C50E}.Release|x86.ActiveCfg = Release|Any CPU
		{90E54CFF-91EF-4EC7-AF6C-09C8985B4C20}.Debug|Any CPU.ActiveCfg = Debug|x86
		{90E54CFF-91EF-4EC7-AF6C-09C8985B4C20}.Debug|Mixed Platforms.ActiveCfg = Debug|x86
		{90E54CFF-91EF-4EC7-AF6C-09C8985B4C20}.Debug|Mixed Platforms.Build.0 = Debug|x86
		{90E54CFF-91EF-4EC7-AF6C-09C8985B4C20}.Debug|x86.ActiveCfg = Debug|x86
		{90E54CFF-91EF-4EC7-AF6C-09C8985B4C20}.Debug|x86.Build.0 = Debug|x86
		{90E54CFF-91EF-4EC7-AF6C-09C8985B4C20}.Release|Any CPU.ActiveCfg = Release|x86
		{90E54CFF-91EF-4EC7-AF6C-09C8985B4C20}.Release|Mixed Platforms.ActiveCfg = Release|x86
		{90E54CFF-91EF-4EC7-AF6C-09C8985B4C20}.Release|Mixed Platforms.Build.0 = Release|x86
		{90E54CFF-91EF-4EC7-AF6C-09C8985B4C20}.Release|x86.ActiveCfg = Release|x86
		{90E54CFF-91EF-4EC7-AF6C-09C8985B4C20}.Release|x86.Build.0 = Release|x86
	EndGlobalSection
	GlobalSection(SolutionProperties) = preSolution
		HideSolutionNode = FALSE
	EndGlobalSection
EndGlobal
